
Microsoft Visual Studio Solution File, Format Version 12.00
# Visual Studio 14
VisualStudioVersion = 14.0.25420.1
MinimumVisualStudioVersion = 10.0.40219.1
Project("{FAE04EC0-301F-11D3-BF4B-00C04F79EFBC}") = "Reductor.WebPage", "Reductor.WebPage\Reductor.WebPage.csproj", "{73484BC5-87FF-469A-8B00-FF2FAD143D1B}"
EndProject
Project("{FAE04EC0-301F-11D3-BF4B-00C04F79EFBC}") = "Reductor.Tests", "Reductor.Tests\Reductor.Tests.csproj", "{77CD03E3-2E4B-40A7-9A0D-615AF3859750}"
EndProject
Project("{FAE04EC0-301F-11D3-BF4B-00C04F79EFBC}") = "Reductor.Engine", "Reductor.Engine\Reductor.Engine.csproj", "{93C8C43E-2288-44EC-BFA8-DCC060467E74}"
EndProject
Global
	GlobalSection(SolutionConfigurationPlatforms) = preSolution
		Debug|Any CPU = Debug|Any CPU
		Release|Any CPU = Release|Any CPU
	EndGlobalSection
	GlobalSection(ProjectConfigurationPlatforms) = postSolution
		{73484BC5-87FF-469A-8B00-FF2FAD143D1B}.Debug|Any CPU.ActiveCfg = Debug|Any CPU
		{73484BC5-87FF-469A-8B00-FF2FAD143D1B}.Debug|Any CPU.Build.0 = Debug|Any CPU
		{73484BC5-87FF-469A-8B00-FF2FAD143D1B}.Release|Any CPU.ActiveCfg = Release|Any CPU
		{73484BC5-87FF-469A-8B00-FF2FAD143D1B}.Release|Any CPU.Build.0 = Release|Any CPU
		{77CD03E3-2E4B-40A7-9A0D-615AF3859750}.Debug|Any CPU.ActiveCfg = Debug|Any CPU
		{77CD03E3-2E4B-40A7-9A0D-615AF3859750}.Debug|Any CPU.Build.0 = Debug|Any CPU
		{77CD03E3-2E4B-40A7-9A0D-615AF3859750}.Release|Any CPU.ActiveCfg = Release|Any CPU
		{77CD03E3-2E4B-40A7-9A0D-615AF3859750}.Release|Any CPU.Build.0 = Release|Any CPU
		{93C8C43E-2288-44EC-BFA8-DCC060467E74}.Debug|Any CPU.ActiveCfg = Debug|Any CPU
		{93C8C43E-2288-44EC-BFA8-DCC060467E74}.Debug|Any CPU.Build.0 = Debug|Any CPU
		{93C8C43E-2288-44EC-BFA8-DCC060467E74}.Release|Any CPU.ActiveCfg = Release|Any CPU
		{93C8C43E-2288-44EC-BFA8-DCC060467E74}.Release|Any CPU.Build.0 = Release|Any CPU
	EndGlobalSection
	GlobalSection(SolutionProperties) = preSolution
		HideSolutionNode = FALSE
	EndGlobalSection
EndGlobal
